
Microsoft Visual Studio Solution File, Format Version 12.00
# Visual Studio 2013
VisualStudioVersion = 12.0.21005.1
MinimumVisualStudioVersion = 10.0.40219.1
Project("{FAE04EC0-301F-11D3-BF4B-00C04F79EFBC}") = "recievelevel", "recievelevel\recievelevel.csproj", "{11F32690-B6C2-437A-A3B5-4CE25698725A}"
EndProject
Project("{FAE04EC0-301F-11D3-BF4B-00C04F79EFBC}") = "simulatedtcpsender", "..\..\..\..\..\Visual Studio-lvyang\Projects\simulatedtcpsender\simulatedtcpsender\simulatedtcpsender.csproj", "{B74CBCDD-4337-475B-BE30-A5D537CE646A}"
EndProject
Global
	GlobalSection(SolutionConfigurationPlatforms) = preSolution
		Debug|Any CPU = Debug|Any CPU
		Release|Any CPU = Release|Any CPU
	EndGlobalSection
	GlobalSection(ProjectConfigurationPlatforms) = postSolution
		{11F32690-B6C2-437A-A3B5-4CE25698725A}.Debug|Any CPU.ActiveCfg = Debug|Any CPU
		{11F32690-B6C2-437A-A3B5-4CE25698725A}.Debug|Any CPU.Build.0 = Debug|Any CPU
		{11F32690-B6C2-437A-A3B5-4CE25698725A}.Release|Any CPU.ActiveCfg = Release|Any CPU
		{11F32690-B6C2-437A-A3B5-4CE25698725A}.Release|Any CPU.Build.0 = Release|Any CPU
		{B74CBCDD-4337-475B-BE30-A5D537CE646A}.Debug|Any CPU.ActiveCfg = Debug|Any CPU
		{B74CBCDD-4337-475B-BE30-A5D537CE646A}.Debug|Any CPU.Build.0 = Debug|Any CPU
		{B74CBCDD-4337-475B-BE30-A5D537CE646A}.Release|Any CPU.ActiveCfg = Release|Any CPU
		{B74CBCDD-4337-475B-BE30-A5D537CE646A}.Release|Any CPU.Build.0 = Release|Any CPU
	EndGlobalSection
	GlobalSection(SolutionProperties) = preSolution
		HideSolutionNode = FALSE
	EndGlobalSection
EndGlobal
